
Microsoft Visual Studio Solution File, Format Version 12.00
# Visual Studio 15
VisualStudioVersion = 15.0.26730.16
MinimumVisualStudioVersion = 10.0.40219.1
Project("{FAE04EC0-301F-11D3-BF4B-00C04F79EFBC}") = "Products.Android", "Products\Products.Android\Products.Android.csproj", "{2D1615E5-BF11-4950-8674-4FDEDFB424AC}"
EndProject
Project("{FAE04EC0-301F-11D3-BF4B-00C04F79EFBC}") = "Products", "Products\Products\Products.csproj", "{BFAE45D4-FE5B-4E09-AB9A-F97D30FB3548}"
EndProject
Project("{FAE04EC0-301F-11D3-BF4B-00C04F79EFBC}") = "Products.UWP", "Products\Products.UWP\Products.UWP.csproj", "{029D7934-CB10-4802-8966-462C22490369}"
EndProject
Project("{FAE04EC0-301F-11D3-BF4B-00C04F79EFBC}") = "Products.iOS", "Products\Products.iOS\Products.iOS.csproj", "{7EE5AC07-0DA8-485D-BEAB-3D2BEFB853C6}"
EndProject
Project("{FAE04EC0-301F-11D3-BF4B-00C04F79EFBC}") = "Products.Domain", "Products.Domain\Products.Domain.csproj", "{B7B0272D-55C2-4B30-96E8-DD98E81C33BE}"
EndProject
Project("{FAE04EC0-301F-11D3-BF4B-00C04F79EFBC}") = "Products.Backend", "Products.Backend\Products.Backend.csproj", "{9BB13C84-54B1-4C5E-9B12-CEE3CA591AA5}"
EndProject
Project("{FAE04EC0-301F-11D3-BF4B-00C04F79EFBC}") = "Products.API", "Products.API\Products.API.csproj", "{C1276DD4-FB4E-4B1E-B26B-70D6B8E73BB0}"
EndProject
Global
	GlobalSection(SolutionConfigurationPlatforms) = preSolution
		Ad-Hoc|Any CPU = Ad-Hoc|Any CPU
		Ad-Hoc|ARM = Ad-Hoc|ARM
		Ad-Hoc|iPhone = Ad-Hoc|iPhone
		Ad-Hoc|iPhoneSimulator = Ad-Hoc|iPhoneSimulator
		Ad-Hoc|x64 = Ad-Hoc|x64
		Ad-Hoc|x86 = Ad-Hoc|x86
		AppStore|Any CPU = AppStore|Any CPU
		AppStore|ARM = AppStore|ARM
		AppStore|iPhone = AppStore|iPhone
		AppStore|iPhoneSimulator = AppStore|iPhoneSimulator
		AppStore|x64 = AppStore|x64
		AppStore|x86 = AppStore|x86
		Debug|Any CPU = Debug|Any CPU
		Debug|ARM = Debug|ARM
		Debug|iPhone = Debug|iPhone
		Debug|iPhoneSimulator = Debug|iPhoneSimulator
		Debug|x64 = Debug|x64
		Debug|x86 = Debug|x86
		Release|Any CPU = Release|Any CPU
		Release|ARM = Release|ARM
		Release|iPhone = Release|iPhone
		Release|iPhoneSimulator = Release|iPhoneSimulator
		Release|x64 = Release|x64
		Release|x86 = Release|x86
	EndGlobalSection
	GlobalSection(ProjectConfigurationPlatforms) = postSolution
		{2D1615E5-BF11-4950-8674-4FDEDFB424AC}.Ad-Hoc|Any CPU.ActiveCfg = Release|Any CPU
		{2D1615E5-BF11-4950-8674-4FDEDFB424AC}.Ad-Hoc|Any CPU.Build.0 = Release|Any CPU
		{2D1615E5-BF11-4950-8674-4FDEDFB424AC}.Ad-Hoc|Any CPU.Deploy.0 = Release|Any CPU
		{2D1615E5-BF11-4950-8674-4FDEDFB424AC}.Ad-Hoc|ARM.ActiveCfg = Release|Any CPU
		{2D1615E5-BF11-4950-8674-4FDEDFB424AC}.Ad-Hoc|ARM.Build.0 = Release|Any CPU
		{2D1615E5-BF11-4950-8674-4FDEDFB424AC}.Ad-Hoc|ARM.Deploy.0 = Release|Any CPU
		{2D1615E5-BF11-4950-8674-4FDEDFB424AC}.Ad-Hoc|iPhone.ActiveCfg = Release|Any CPU
		{2D1615E5-BF11-4950-8674-4FDEDFB424AC}.Ad-Hoc|iPhone.Build.0 = Release|Any CPU
		{2D1615E5-BF11-4950-8674-4FDEDFB424AC}.Ad-Hoc|iPhone.Deploy.0 = Release|Any CPU
		{2D1615E5-BF11-4950-8674-4FDEDFB424AC}.Ad-Hoc|iPhoneSimulator.ActiveCfg = Release|Any CPU
		{2D1615E5-BF11-4950-8674-4FDEDFB424AC}.Ad-Hoc|iPhoneSimulator.Build.0 = Release|Any CPU
		{2D1615E5-BF11-4950-8674-4FDEDFB424AC}.Ad-Hoc|iPhoneSimulator.Deploy.0 = Release|Any CPU
		{2D1615E5-BF11-4950-8674-4FDEDFB424AC}.Ad-Hoc|x64.ActiveCfg = Release|Any CPU
		{2D1615E5-BF11-4950-8674-4FDEDFB424AC}.Ad-Hoc|x64.Build.0 = Release|Any CPU
		{2D1615E5-BF11-4950-8674-4FDEDFB424AC}.Ad-Hoc|x64.Deploy.0 = Release|Any CPU
		{2D1615E5-BF11-4950-8674-4FDEDFB424AC}.Ad-Hoc|x86.ActiveCfg = Release|Any CPU
		{2D1615E5-BF11-4950-8674-4FDEDFB424AC}.Ad-Hoc|x86.Build.0 = Release|Any CPU
		{2D1615E5-BF11-4950-8674-4FDEDFB424AC}.Ad-Hoc|x86.Deploy.0 = Release|Any CPU
		{2D1615E5-BF11-4950-8674-4FDEDFB424AC}.AppStore|Any CPU.ActiveCfg = Release|Any CPU
		{2D1615E5-BF11-4950-8674-4FDEDFB424AC}.AppStore|Any CPU.Build.0 = Release|Any CPU
		{2D1615E5-BF11-4950-8674-4FDEDFB424AC}.AppStore|Any CPU.Deploy.0 = Release|Any CPU
		{2D1615E5-BF11-4950-8674-4FDEDFB424AC}.AppStore|ARM.ActiveCfg = Release|Any CPU
		{2D1615E5-BF11-4950-8674-4FDEDFB424AC}.AppStore|ARM.Build.0 = Release|Any CPU
		{2D1615E5-BF11-4950-8674-4FDEDFB424AC}.AppStore|ARM.Deploy.0 = Release|Any CPU
		{2D1615E5-BF11-4950-8674-4FDEDFB424AC}.AppStore|iPhone.ActiveCfg = Release|Any CPU
		{2D1615E5-BF11-4950-8674-4FDEDFB424AC}.AppStore|iPhone.Build.0 = Release|Any CPU
		{2D1615E5-BF11-4950-8674-4FDEDFB424AC}.AppStore|iPhone.Deploy.0 = Release|Any CPU
		{2D1615E5-BF11-4950-8674-4FDEDFB424AC}.AppStore|iPhoneSimulator.ActiveCfg = Release|Any CPU
		{2D1615E5-BF11-4950-8674-4FDEDFB424AC}.AppStore|iPhoneSimulator.Build.0 = Release|Any CPU
		{2D1615E5-BF11-4950-8674-4FDEDFB424AC}.AppStore|iPhoneSimulator.Deploy.0 = Release|Any CPU
		{2D1615E5-BF11-4950-8674-4FDEDFB424AC}.AppStore|x64.ActiveCfg = Release|Any CPU
		{2D1615E5-BF11-4950-8674-4FDEDFB424AC}.AppStore|x64.Build.0 = Release|Any CPU
		{2D1615E5-BF11-4950-8674-4FDEDFB424AC}.AppStore|x64.Deploy.0 = Release|Any CPU
		{2D1615E5-BF11-4950-8674-4FDEDFB424AC}.AppStore|x86.ActiveCfg = Release|Any CPU
		{2D1615E5-BF11-4950-8674-4FDEDFB424AC}.AppStore|x86.Build.0 = Release|Any CPU
		{2D1615E5-BF11-4950-8674-4FDEDFB424AC}.AppStore|x86.Deploy.0 = Release|Any CPU
		{2D1615E5-BF11-4950-8674-4FDEDFB424AC}.Debug|Any CPU.ActiveCfg = Debug|Any CPU
		{2D1615E5-BF11-4950-8674-4FDEDFB424AC}.Debug|Any CPU.Build.0 = Debug|Any CPU
		{2D1615E5-BF11-4950-8674-4FDEDFB424AC}.Debug|Any CPU.Deploy.0 = Debug|Any CPU
		{2D1615E5-BF11-4950-8674-4FDEDFB424AC}.Debug|ARM.ActiveCfg = Debug|Any CPU
		{2D1615E5-BF11-4950-8674-4FDEDFB424AC}.Debug|ARM.Build.0 = Debug|Any CPU
		{2D1615E5-BF11-4950-8674-4FDEDFB424AC}.Debug|ARM.Deploy.0 = Debug|Any CPU
		{2D1615E5-BF11-4950-8674-4FDEDFB424AC}.Debug|iPhone.ActiveCfg = Debug|Any CPU
		{2D1615E5-BF11-4950-8674-4FDEDFB424AC}.Debug|iPhone.Build.0 = Debug|Any CPU
		{2D1615E5-BF11-4950-8674-4FDEDFB424AC}.Debug|iPhone.Deploy.0 = Debug|Any CPU
		{2D1615E5-BF11-4950-8674-4FDEDFB424AC}.Debug|iPhoneSimulator.ActiveCfg = Debug|Any CPU
		{2D1615E5-BF11-4950-8674-4FDEDFB424AC}.Debug|iPhoneSimulator.Build.0 = Debug|Any CPU
		{2D1615E5-BF11-4950-8674-4FDEDFB424AC}.Debug|iPhoneSimulator.Deploy.0 = Debug|Any CPU
		{2D1615E5-BF11-4950-8674-4FDEDFB424AC}.Debug|x64.ActiveCfg = Debug|Any CPU
		{2D1615E5-BF11-4950-8674-4FDEDFB424AC}.Debug|x64.Build.0 = Debug|Any CPU
		{2D1615E5-BF11-4950-8674-4FDEDFB424AC}.Debug|x64.Deploy.0 = Debug|Any CPU
		{2D1615E5-BF11-4950-8674-4FDEDFB424AC}.Debug|x86.ActiveCfg = Debug|Any CPU
		{2D1615E5-BF11-4950-8674-4FDEDFB424AC}.Debug|x86.Build.0 = Debug|Any CPU
		{2D1615E5-BF11-4950-8674-4FDEDFB424AC}.Debug|x86.Deploy.0 = Debug|Any CPU
		{2D1615E5-BF11-4950-8674-4FDEDFB424AC}.Release|Any CPU.ActiveCfg = Release|Any CPU
		{2D1615E5-BF11-4950-8674-4FDEDFB424AC}.Release|Any CPU.Build.0 = Release|Any CPU
		{2D1615E5-BF11-4950-8674-4FDEDFB424AC}.Release|Any CPU.Deploy.0 = Release|Any CPU
		{2D1615E5-BF11-4950-8674-4FDEDFB424AC}.Release|ARM.ActiveCfg = Release|Any CPU
		{2D1615E5-BF11-4950-8674-4FDEDFB424AC}.Release|ARM.Build.0 = Release|Any CPU
		{2D1615E5-BF11-4950-8674-4FDEDFB424AC}.Release|ARM.Deploy.0 = Release|Any CPU
		{2D1615E5-BF11-4950-8674-4FDEDFB424AC}.Release|iPhone.ActiveCfg = Release|Any CPU
		{2D1615E5-BF11-4950-8674-4FDEDFB424AC}.Release|iPhone.Build.0 = Release|Any CPU
		{2D1615E5-BF11-4950-8674-4FDEDFB424AC}.Release|iPhone.Deploy.0 = Release|Any CPU
		{2D1615E5-BF11-4950-8674-4FDEDFB424AC}.Release|iPhoneSimulator.ActiveCfg = Release|Any CPU
		{2D1615E5-BF11-4950-8674-4FDEDFB424AC}.Release|iPhoneSimulator.Build.0 = Release|Any CPU
		{2D1615E5-BF11-4950-8674-4FDEDFB424AC}.Release|iPhoneSimulator.Deploy.0 = Release|Any CPU
		{2D1615E5-BF11-4950-8674-4FDEDFB424AC}.Release|x64.ActiveCfg = Release|Any CPU
		{2D1615E5-BF11-4950-8674-4FDEDFB424AC}.Release|x64.Build.0 = Release|Any CPU
		{2D1615E5-BF11-4950-8674-4FDEDFB424AC}.Release|x64.Deploy.0 = Release|Any CPU
		{2D1615E5-BF11-4950-8674-4FDEDFB424AC}.Release|x86.ActiveCfg = Release|Any CPU
		{2D1615E5-BF11-4950-8674-4FDEDFB424AC}.Release|x86.Build.0 = Release|Any CPU
		{2D1615E5-BF11-4950-8674-4FDEDFB424AC}.Release|x86.Deploy.0 = Release|Any CPU
		{BFAE45D4-FE5B-4E09-AB9A-F97D30FB3548}.Ad-Hoc|Any CPU.ActiveCfg = Release|Any CPU
		{BFAE45D4-FE5B-4E09-AB9A-F97D30FB3548}.Ad-Hoc|Any CPU.Build.0 = Release|Any CPU
		{BFAE45D4-FE5B-4E09-AB9A-F97D30FB3548}.Ad-Hoc|ARM.ActiveCfg = Release|Any CPU
		{BFAE45D4-FE5B-4E09-AB9A-F97D30FB3548}.Ad-Hoc|ARM.Build.0 = Release|Any CPU
		{BFAE45D4-FE5B-4E09-AB9A-F97D30FB3548}.Ad-Hoc|iPhone.ActiveCfg = Release|Any CPU
		{BFAE45D4-FE5B-4E09-AB9A-F97D30FB3548}.Ad-Hoc|iPhone.Build.0 = Release|Any CPU
		{BFAE45D4-FE5B-4E09-AB9A-F97D30FB3548}.Ad-Hoc|iPhoneSimulator.ActiveCfg = Release|Any CPU
		{BFAE45D4-FE5B-4E09-AB9A-F97D30FB3548}.Ad-Hoc|iPhoneSimulator.Build.0 = Release|Any CPU
		{BFAE45D4-FE5B-4E09-AB9A-F97D30FB3548}.Ad-Hoc|x64.ActiveCfg = Release|Any CPU
		{BFAE45D4-FE5B-4E09-AB9A-F97D30FB3548}.Ad-Hoc|x64.Build.0 = Release|Any CPU
		{BFAE45D4-FE5B-4E09-AB9A-F97D30FB3548}.Ad-Hoc|x86.ActiveCfg = Release|Any CPU
		{BFAE45D4-FE5B-4E09-AB9A-F97D30FB3548}.Ad-Hoc|x86.Build.0 = Release|Any CPU
		{BFAE45D4-FE5B-4E09-AB9A-F97D30FB3548}.AppStore|Any CPU.ActiveCfg = Release|Any CPU
		{BFAE45D4-FE5B-4E09-AB9A-F97D30FB3548}.AppStore|Any CPU.Build.0 = Release|Any CPU
		{BFAE45D4-FE5B-4E09-AB9A-F97D30FB3548}.AppStore|ARM.ActiveCfg = Release|Any CPU
		{BFAE45D4-FE5B-4E09-AB9A-F97D30FB3548}.AppStore|ARM.Build.0 = Release|Any CPU
		{BFAE45D4-FE5B-4E09-AB9A-F97D30FB3548}.AppStore|iPhone.ActiveCfg = Release|Any CPU
		{BFAE45D4-FE5B-4E09-AB9A-F97D30FB3548}.AppStore|iPhone.Build.0 = Release|Any CPU
		{BFAE45D4-FE5B-4E09-AB9A-F97D30FB3548}.AppStore|iPhoneSimulator.ActiveCfg = Release|Any CPU
		{BFAE45D4-FE5B-4E09-AB9A-F97D30FB3548}.AppStore|iPhoneSimulator.Build.0 = Release|Any CPU
		{BFAE45D4-FE5B-4E09-AB9A-F97D30FB3548}.AppStore|x64.ActiveCfg = Release|Any CPU
		{BFAE45D4-FE5B-4E09-AB9A-F97D30FB3548}.AppStore|x64.Build.0 = Release|Any CPU
		{BFAE45D4-FE5B-4E09-AB9A-F97D30FB3548}.AppStore|x86.ActiveCfg = Release|Any CPU
		{BFAE45D4-FE5B-4E09-AB9A-F97D30FB3548}.AppStore|x86.Build.0 = Release|Any CPU
		{BFAE45D4-FE5B-4E09-AB9A-F97D30FB3548}.Debug|Any CPU.ActiveCfg = Debug|Any CPU
		{BFAE45D4-FE5B-4E09-AB9A-F97D30FB3548}.Debug|Any CPU.Build.0 = Debug|Any CPU
		{BFAE45D4-FE5B-4E09-AB9A-F97D30FB3548}.Debug|ARM.ActiveCfg = Debug|Any CPU
		{BFAE45D4-FE5B-4E09-AB9A-F97D30FB3548}.Debug|ARM.Build.0 = Debug|Any CPU
		{BFAE45D4-FE5B-4E09-AB9A-F97D30FB3548}.Debug|iPhone.ActiveCfg = Debug|Any CPU
		{BFAE45D4-FE5B-4E09-AB9A-F97D30FB3548}.Debug|iPhone.Build.0 = Debug|Any CPU
		{BFAE45D4-FE5B-4E09-AB9A-F97D30FB3548}.Debug|iPhoneSimulator.ActiveCfg = Debug|Any CPU
		{BFAE45D4-FE5B-4E09-AB9A-F97D30FB3548}.Debug|iPhoneSimulator.Build.0 = Debug|Any CPU
		{BFAE45D4-FE5B-4E09-AB9A-F97D30FB3548}.Debug|x64.ActiveCfg = Debug|Any CPU
		{BFAE45D4-FE5B-4E09-AB9A-F97D30FB3548}.Debug|x64.Build.0 = Debug|Any CPU
		{BFAE45D4-FE5B-4E09-AB9A-F97D30FB3548}.Debug|x86.ActiveCfg = Debug|Any CPU
		{BFAE45D4-FE5B-4E09-AB9A-F97D30FB3548}.Debug|x86.Build.0 = Debug|Any CPU
		{BFAE45D4-FE5B-4E09-AB9A-F97D30FB3548}.Release|Any CPU.ActiveCfg = Release|Any CPU
		{BFAE45D4-FE5B-4E09-AB9A-F97D30FB3548}.Release|Any CPU.Build.0 = Release|Any CPU
		{BFAE45D4-FE5B-4E09-AB9A-F97D30FB3548}.Release|ARM.ActiveCfg = Release|Any CPU
		{BFAE45D4-FE5B-4E09-AB9A-F97D30FB3548}.Release|ARM.Build.0 = Release|Any CPU
		{BFAE45D4-FE5B-4E09-AB9A-F97D30FB3548}.Release|iPhone.ActiveCfg = Release|Any CPU
		{BFAE45D4-FE5B-4E09-AB9A-F97D30FB3548}.Release|iPhone.Build.0 = Release|Any CPU
		{BFAE45D4-FE5B-4E09-AB9A-F97D30FB3548}.Release|iPhoneSimulator.ActiveCfg = Release|Any CPU
		{BFAE45D4-FE5B-4E09-AB9A-F97D30FB3548}.Release|iPhoneSimulator.Build.0 = Release|Any CPU
		{BFAE45D4-FE5B-4E09-AB9A-F97D30FB3548}.Release|x64.ActiveCfg = Release|Any CPU
		{BFAE45D4-FE5B-4E09-AB9A-F97D30FB3548}.Release|x64.Build.0 = Release|Any CPU
		{BFAE45D4-FE5B-4E09-AB9A-F97D30FB3548}.Release|x86.ActiveCfg = Release|Any CPU
		{BFAE45D4-FE5B-4E09-AB9A-F97D30FB3548}.Release|x86.Build.0 = Release|Any CPU
		{029D7934-CB10-4802-8966-462C22490369}.Ad-Hoc|Any CPU.ActiveCfg = Release|x86
		{029D7934-CB10-4802-8966-462C22490369}.Ad-Hoc|Any CPU.Build.0 = Release|x86
		{029D7934-CB10-4802-8966-462C22490369}.Ad-Hoc|Any CPU.Deploy.0 = Release|x86
		{029D7934-CB10-4802-8966-462C22490369}.Ad-Hoc|ARM.ActiveCfg = Release|ARM
		{029D7934-CB10-4802-8966-462C22490369}.Ad-Hoc|ARM.Build.0 = Release|ARM
		{029D7934-CB10-4802-8966-462C22490369}.Ad-Hoc|ARM.Deploy.0 = Release|ARM
		{029D7934-CB10-4802-8966-462C22490369}.Ad-Hoc|iPhone.ActiveCfg = Release|x86
		{029D7934-CB10-4802-8966-462C22490369}.Ad-Hoc|iPhone.Build.0 = Release|x86
		{029D7934-CB10-4802-8966-462C22490369}.Ad-Hoc|iPhone.Deploy.0 = Release|x86
		{029D7934-CB10-4802-8966-462C22490369}.Ad-Hoc|iPhoneSimulator.ActiveCfg = Release|x86
		{029D7934-CB10-4802-8966-462C22490369}.Ad-Hoc|iPhoneSimulator.Build.0 = Release|x86
		{029D7934-CB10-4802-8966-462C22490369}.Ad-Hoc|iPhoneSimulator.Deploy.0 = Release|x86
		{029D7934-CB10-4802-8966-462C22490369}.Ad-Hoc|x64.ActiveCfg = Release|x64
		{029D7934-CB10-4802-8966-462C22490369}.Ad-Hoc|x64.Build.0 = Release|x64
		{029D7934-CB10-4802-8966-462C22490369}.Ad-Hoc|x64.Deploy.0 = Release|x64
		{029D7934-CB10-4802-8966-462C22490369}.Ad-Hoc|x86.ActiveCfg = Release|x86
		{029D7934-CB10-4802-8966-462C22490369}.Ad-Hoc|x86.Build.0 = Release|x86
		{029D7934-CB10-4802-8966-462C22490369}.Ad-Hoc|x86.Deploy.0 = Release|x86
		{029D7934-CB10-4802-8966-462C22490369}.AppStore|Any CPU.ActiveCfg = Release|x86
		{029D7934-CB10-4802-8966-462C22490369}.AppStore|Any CPU.Build.0 = Release|x86
		{029D7934-CB10-4802-8966-462C22490369}.AppStore|Any CPU.Deploy.0 = Release|x86
		{029D7934-CB10-4802-8966-462C22490369}.AppStore|ARM.ActiveCfg = Release|ARM
		{029D7934-CB10-4802-8966-462C22490369}.AppStore|ARM.Build.0 = Release|ARM
		{029D7934-CB10-4802-8966-462C22490369}.AppStore|ARM.Deploy.0 = Release|ARM
		{029D7934-CB10-4802-8966-462C22490369}.AppStore|iPhone.ActiveCfg = Release|x86
		{029D7934-CB10-4802-8966-462C22490369}.AppStore|iPhone.Build.0 = Release|x86
		{029D7934-CB10-4802-8966-462C22490369}.AppStore|iPhone.Deploy.0 = Release|x86
		{029D7934-CB10-4802-8966-462C22490369}.AppStore|iPhoneSimulator.ActiveCfg = Release|x86
		{029D7934-CB10-4802-8966-462C22490369}.AppStore|iPhoneSimulator.Build.0 = Release|x86
		{029D7934-CB10-4802-8966-462C22490369}.AppStore|iPhoneSimulator.Deploy.0 = Release|x86
		{029D7934-CB10-4802-8966-462C22490369}.AppStore|x64.ActiveCfg = Release|x64
		{029D7934-CB10-4802-8966-462C22490369}.AppStore|x64.Build.0 = Release|x64
		{029D7934-CB10-4802-8966-462C22490369}.AppStore|x64.Deploy.0 = Release|x64
		{029D7934-CB10-4802-8966-462C22490369}.AppStore|x86.ActiveCfg = Release|x86
		{029D7934-CB10-4802-8966-462C22490369}.AppStore|x86.Build.0 = Release|x86
		{029D7934-CB10-4802-8966-462C22490369}.AppStore|x86.Deploy.0 = Release|x86
		{029D7934-CB10-4802-8966-462C22490369}.Debug|Any CPU.ActiveCfg = Debug|x86
		{029D7934-CB10-4802-8966-462C22490369}.Debug|ARM.ActiveCfg = Debug|ARM
		{029D7934-CB10-4802-8966-462C22490369}.Debug|ARM.Build.0 = Debug|ARM
		{029D7934-CB10-4802-8966-462C22490369}.Debug|ARM.Deploy.0 = Debug|ARM
		{029D7934-CB10-4802-8966-462C22490369}.Debug|iPhone.ActiveCfg = Debug|x86
		{029D7934-CB10-4802-8966-462C22490369}.Debug|iPhoneSimulator.ActiveCfg = Debug|x86
		{029D7934-CB10-4802-8966-462C22490369}.Debug|x64.ActiveCfg = Debug|x64
		{029D7934-CB10-4802-8966-462C22490369}.Debug|x64.Build.0 = Debug|x64
		{029D7934-CB10-4802-8966-462C22490369}.Debug|x64.Deploy.0 = Debug|x64
		{029D7934-CB10-4802-8966-462C22490369}.Debug|x86.ActiveCfg = Debug|x86
		{029D7934-CB10-4802-8966-462C22490369}.Debug|x86.Build.0 = Debug|x86
		{029D7934-CB10-4802-8966-462C22490369}.Debug|x86.Deploy.0 = Debug|x86
		{029D7934-CB10-4802-8966-462C22490369}.Release|Any CPU.ActiveCfg = Release|x86
		{029D7934-CB10-4802-8966-462C22490369}.Release|ARM.ActiveCfg = Release|ARM
		{029D7934-CB10-4802-8966-462C22490369}.Release|ARM.Build.0 = Release|ARM
		{029D7934-CB10-4802-8966-462C22490369}.Release|ARM.Deploy.0 = Release|ARM
		{029D7934-CB10-4802-8966-462C22490369}.Release|iPhone.ActiveCfg = Release|x86
		{029D7934-CB10-4802-8966-462C22490369}.Release|iPhoneSimulator.ActiveCfg = Release|x86
		{029D7934-CB10-4802-8966-462C22490369}.Release|x64.ActiveCfg = Release|x64
		{029D7934-CB10-4802-8966-462C22490369}.Release|x64.Build.0 = Release|x64
		{029D7934-CB10-4802-8966-462C22490369}.Release|x64.Deploy.0 = Release|x64
		{029D7934-CB10-4802-8966-462C22490369}.Release|x86.ActiveCfg = Release|x86
		{029D7934-CB10-4802-8966-462C22490369}.Release|x86.Build.0 = Release|x86
		{029D7934-CB10-4802-8966-462C22490369}.Release|x86.Deploy.0 = Release|x86
		{7EE5AC07-0DA8-485D-BEAB-3D2BEFB853C6}.Ad-Hoc|Any CPU.ActiveCfg = Ad-Hoc|iPhone
		{7EE5AC07-0DA8-485D-BEAB-3D2BEFB853C6}.Ad-Hoc|ARM.ActiveCfg = Ad-Hoc|iPhone
		{7EE5AC07-0DA8-485D-BEAB-3D2BEFB853C6}.Ad-Hoc|iPhone.ActiveCfg = Ad-Hoc|iPhone
		{7EE5AC07-0DA8-485D-BEAB-3D2BEFB853C6}.Ad-Hoc|iPhone.Build.0 = Ad-Hoc|iPhone
		{7EE5AC07-0DA8-485D-BEAB-3D2BEFB853C6}.Ad-Hoc|iPhoneSimulator.ActiveCfg = Ad-Hoc|iPhoneSimulator
		{7EE5AC07-0DA8-485D-BEAB-3D2BEFB853C6}.Ad-Hoc|iPhoneSimulator.Build.0 = Ad-Hoc|iPhoneSimulator
		{7EE5AC07-0DA8-485D-BEAB-3D2BEFB853C6}.Ad-Hoc|x64.ActiveCfg = Ad-Hoc|iPhone
		{7EE5AC07-0DA8-485D-BEAB-3D2BEFB853C6}.Ad-Hoc|x86.ActiveCfg = Ad-Hoc|iPhone
		{7EE5AC07-0DA8-485D-BEAB-3D2BEFB853C6}.AppStore|Any CPU.ActiveCfg = AppStore|iPhone
		{7EE5AC07-0DA8-485D-BEAB-3D2BEFB853C6}.AppStore|ARM.ActiveCfg = AppStore|iPhone
		{7EE5AC07-0DA8-485D-BEAB-3D2BEFB853C6}.AppStore|iPhone.ActiveCfg = AppStore|iPhone
		{7EE5AC07-0DA8-485D-BEAB-3D2BEFB853C6}.AppStore|iPhone.Build.0 = AppStore|iPhone
		{7EE5AC07-0DA8-485D-BEAB-3D2BEFB853C6}.AppStore|iPhoneSimulator.ActiveCfg = AppStore|iPhoneSimulator
		{7EE5AC07-0DA8-485D-BEAB-3D2BEFB853C6}.AppStore|iPhoneSimulator.Build.0 = AppStore|iPhoneSimulator
		{7EE5AC07-0DA8-485D-BEAB-3D2BEFB853C6}.AppStore|x64.ActiveCfg = AppStore|iPhone
		{7EE5AC07-0DA8-485D-BEAB-3D2BEFB853C6}.AppStore|x86.ActiveCfg = AppStore|iPhone
		{7EE5AC07-0DA8-485D-BEAB-3D2BEFB853C6}.Debug|Any CPU.ActiveCfg = Debug|iPhone
		{7EE5AC07-0DA8-485D-BEAB-3D2BEFB853C6}.Debug|ARM.ActiveCfg = Debug|iPhone
		{7EE5AC07-0DA8-485D-BEAB-3D2BEFB853C6}.Debug|iPhone.ActiveCfg = Debug|iPhone
		{7EE5AC07-0DA8-485D-BEAB-3D2BEFB853C6}.Debug|iPhone.Build.0 = Debug|iPhone
		{7EE5AC07-0DA8-485D-BEAB-3D2BEFB853C6}.Debug|iPhoneSimulator.ActiveCfg = Debug|iPhoneSimulator
		{7EE5AC07-0DA8-485D-BEAB-3D2BEFB853C6}.Debug|iPhoneSimulator.Build.0 = Debug|iPhoneSimulator
		{7EE5AC07-0DA8-485D-BEAB-3D2BEFB853C6}.Debug|x64.ActiveCfg = Debug|iPhone
		{7EE5AC07-0DA8-485D-BEAB-3D2BEFB853C6}.Debug|x86.ActiveCfg = Debug|iPhone
		{7EE5AC07-0DA8-485D-BEAB-3D2BEFB853C6}.Release|Any CPU.ActiveCfg = Release|iPhone
		{7EE5AC07-0DA8-485D-BEAB-3D2BEFB853C6}.Release|ARM.ActiveCfg = Release|iPhone
		{7EE5AC07-0DA8-485D-BEAB-3D2BEFB853C6}.Release|iPhone.ActiveCfg = Release|iPhone
		{7EE5AC07-0DA8-485D-BEAB-3D2BEFB853C6}.Release|iPhone.Build.0 = Release|iPhone
		{7EE5AC07-0DA8-485D-BEAB-3D2BEFB853C6}.Release|iPhoneSimulator.ActiveCfg = Release|iPhoneSimulator
		{7EE5AC07-0DA8-485D-BEAB-3D2BEFB853C6}.Release|iPhoneSimulator.Build.0 = Release|iPhoneSimulator
		{7EE5AC07-0DA8-485D-BEAB-3D2BEFB853C6}.Release|x64.ActiveCfg = Release|iPhone
		{7EE5AC07-0DA8-485D-BEAB-3D2BEFB853C6}.Release|x86.ActiveCfg = Release|iPhone
		{B7B0272D-55C2-4B30-96E8-DD98E81C33BE}.Ad-Hoc|Any CPU.ActiveCfg = Release|Any CPU
		{B7B0272D-55C2-4B30-96E8-DD98E81C33BE}.Ad-Hoc|Any CPU.Build.0 = Release|Any CPU
		{B7B0272D-55C2-4B30-96E8-DD98E81C33BE}.Ad-Hoc|ARM.ActiveCfg = Release|Any CPU
		{B7B0272D-55C2-4B30-96E8-DD98E81C33BE}.Ad-Hoc|ARM.Build.0 = Release|Any CPU
		{B7B0272D-55C2-4B30-96E8-DD98E81C33BE}.Ad-Hoc|iPhone.ActiveCfg = Release|Any CPU
		{B7B0272D-55C2-4B30-96E8-DD98E81C33BE}.Ad-Hoc|iPhone.Build.0 = Release|Any CPU
		{B7B0272D-55C2-4B30-96E8-DD98E81C33BE}.Ad-Hoc|iPhoneSimulator.ActiveCfg = Release|Any CPU
		{B7B0272D-55C2-4B30-96E8-DD98E81C33BE}.Ad-Hoc|iPhoneSimulator.Build.0 = Release|Any CPU
		{B7B0272D-55C2-4B30-96E8-DD98E81C33BE}.Ad-Hoc|x64.ActiveCfg = Release|Any CPU
		{B7B0272D-55C2-4B30-96E8-DD98E81C33BE}.Ad-Hoc|x64.Build.0 = Release|Any CPU
		{B7B0272D-55C2-4B30-96E8-DD98E81C33BE}.Ad-Hoc|x86.ActiveCfg = Release|Any CPU
		{B7B0272D-55C2-4B30-96E8-DD98E81C33BE}.Ad-Hoc|x86.Build.0 = Release|Any CPU
		{B7B0272D-55C2-4B30-96E8-DD98E81C33BE}.AppStore|Any CPU.ActiveCfg = Release|Any CPU
		{B7B0272D-55C2-4B30-96E8-DD98E81C33BE}.AppStore|Any CPU.Build.0 = Release|Any CPU
		{B7B0272D-55C2-4B30-96E8-DD98E81C33BE}.AppStore|ARM.ActiveCfg = Release|Any CPU
		{B7B0272D-55C2-4B30-96E8-DD98E81C33BE}.AppStore|ARM.Build.0 = Release|Any CPU
		{B7B0272D-55C2-4B30-96E8-DD98E81C33BE}.AppStore|iPhone.ActiveCfg = Release|Any CPU
		{B7B0272D-55C2-4B30-96E8-DD98E81C33BE}.AppStore|iPhone.Build.0 = Release|Any CPU
		{B7B0272D-55C2-4B30-96E8-DD98E81C33BE}.AppStore|iPhoneSimulator.ActiveCfg = Release|Any CPU
		{B7B0272D-55C2-4B30-96E8-DD98E81C33BE}.AppStore|iPhoneSimulator.Build.0 = Release|Any CPU
		{B7B0272D-55C2-4B30-96E8-DD98E81C33BE}.AppStore|x64.ActiveCfg = Release|Any CPU
		{B7B0272D-55C2-4B30-96E8-DD98E81C33BE}.AppStore|x64.Build.0 = Release|Any CPU
		{B7B0272D-55C2-4B30-96E8-DD98E81C33BE}.AppStore|x86.ActiveCfg = Release|Any CPU
		{B7B0272D-55C2-4B30-96E8-DD98E81C33BE}.AppStore|x86.Build.0 = Release|Any CPU
		{B7B0272D-55C2-4B30-96E8-DD98E81C33BE}.Debug|Any CPU.ActiveCfg = Debug|Any CPU
		{B7B0272D-55C2-4B30-96E8-DD98E81C33BE}.Debug|Any CPU.Build.0 = Debug|Any CPU
		{B7B0272D-55C2-4B30-96E8-DD98E81C33BE}.Debug|ARM.ActiveCfg = Debug|Any CPU
		{B7B0272D-55C2-4B30-96E8-DD98E81C33BE}.Debug|ARM.Build.0 = Debug|Any CPU
		{B7B0272D-55C2-4B30-96E8-DD98E81C33BE}.Debug|iPhone.ActiveCfg = Debug|Any CPU
		{B7B0272D-55C2-4B30-96E8-DD98E81C33BE}.Debug|iPhone.Build.0 = Debug|Any CPU
		{B7B0272D-55C2-4B30-96E8-DD98E81C33BE}.Debug|iPhoneSimulator.ActiveCfg = Debug|Any CPU
		{B7B0272D-55C2-4B30-96E8-DD98E81C33BE}.Debug|iPhoneSimulator.Build.0 = Debug|Any CPU
		{B7B0272D-55C2-4B30-96E8-DD98E81C33BE}.Debug|x64.ActiveCfg = Debug|Any CPU
		{B7B0272D-55C2-4B30-96E8-DD98E81C33BE}.Debug|x64.Build.0 = Debug|Any CPU
		{B7B0272D-55C2-4B30-96E8-DD98E81C33BE}.Debug|x86.ActiveCfg = Debug|Any CPU
		{B7B0272D-55C2-4B30-96E8-DD98E81C33BE}.Debug|x86.Build.0 = Debug|Any CPU
		{B7B0272D-55C2-4B30-96E8-DD98E81C33BE}.Release|Any CPU.ActiveCfg = Release|Any CPU
		{B7B0272D-55C2-4B30-96E8-DD98E81C33BE}.Release|Any CPU.Build.0 = Release|Any CPU
		{B7B0272D-55C2-4B30-96E8-DD98E81C33BE}.Release|ARM.ActiveCfg = Release|Any CPU
		{B7B0272D-55C2-4B30-96E8-DD98E81C33BE}.Release|ARM.Build.0 = Release|Any CPU
		{B7B0272D-55C2-4B30-96E8-DD98E81C33BE}.Release|iPhone.ActiveCfg = Release|Any CPU
		{B7B0272D-55C2-4B30-96E8-DD98E81C33BE}.Release|iPhone.Build.0 = Release|Any CPU
		{B7B0272D-55C2-4B30-96E8-DD98E81C33BE}.Release|iPhoneSimulator.ActiveCfg = Release|Any CPU
		{B7B0272D-55C2-4B30-96E8-DD98E81C33BE}.Release|iPhoneSimulator.Build.0 = Release|Any CPU
		{B7B0272D-55C2-4B30-96E8-DD98E81C33BE}.Release|x64.ActiveCfg = Release|Any CPU
		{B7B0272D-55C2-4B30-96E8-DD98E81C33BE}.Release|x64.Build.0 = Release|Any CPU
		{B7B0272D-55C2-4B30-96E8-DD98E81C33BE}.Release|x86.ActiveCfg = Release|Any CPU
		{B7B0272D-55C2-4B30-96E8-DD98E81C33BE}.Release|x86.Build.0 = Release|Any CPU
		{9BB13C84-54B1-4C5E-9B12-CEE3CA591AA5}.Ad-Hoc|Any CPU.ActiveCfg = Release|Any CPU
		{9BB13C84-54B1-4C5E-9B12-CEE3CA591AA5}.Ad-Hoc|Any CPU.Build.0 = Release|Any CPU
		{9BB13C84-54B1-4C5E-9B12-CEE3CA591AA5}.Ad-Hoc|ARM.ActiveCfg = Release|Any CPU
		{9BB13C84-54B1-4C5E-9B12-CEE3CA591AA5}.Ad-Hoc|ARM.Build.0 = Release|Any CPU
		{9BB13C84-54B1-4C5E-9B12-CEE3CA591AA5}.Ad-Hoc|iPhone.ActiveCfg = Release|Any CPU
		{9BB13C84-54B1-4C5E-9B12-CEE3CA591AA5}.Ad-Hoc|iPhone.Build.0 = Release|Any CPU
		{9BB13C84-54B1-4C5E-9B12-CEE3CA591AA5}.Ad-Hoc|iPhoneSimulator.ActiveCfg = Release|Any CPU
		{9BB13C84-54B1-4C5E-9B12-CEE3CA591AA5}.Ad-Hoc|iPhoneSimulator.Build.0 = Release|Any CPU
		{9BB13C84-54B1-4C5E-9B12-CEE3CA591AA5}.Ad-Hoc|x64.ActiveCfg = Release|Any CPU
		{9BB13C84-54B1-4C5E-9B12-CEE3CA591AA5}.Ad-Hoc|x64.Build.0 = Release|Any CPU
		{9BB13C84-54B1-4C5E-9B12-CEE3CA591AA5}.Ad-Hoc|x86.ActiveCfg = Release|Any CPU
		{9BB13C84-54B1-4C5E-9B12-CEE3CA591AA5}.Ad-Hoc|x86.Build.0 = Release|Any CPU
		{9BB13C84-54B1-4C5E-9B12-CEE3CA591AA5}.AppStore|Any CPU.ActiveCfg = Release|Any CPU
		{9BB13C84-54B1-4C5E-9B12-CEE3CA591AA5}.AppStore|Any CPU.Build.0 = Release|Any CPU
		{9BB13C84-54B1-4C5E-9B12-CEE3CA591AA5}.AppStore|ARM.ActiveCfg = Release|Any CPU
		{9BB13C84-54B1-4C5E-9B12-CEE3CA591AA5}.AppStore|ARM.Build.0 = Release|Any CPU
		{9BB13C84-54B1-4C5E-9B12-CEE3CA591AA5}.AppStore|iPhone.ActiveCfg = Release|Any CPU
		{9BB13C84-54B1-4C5E-9B12-CEE3CA591AA5}.AppStore|iPhone.Build.0 = Release|Any CPU
		{9BB13C84-54B1-4C5E-9B12-CEE3CA591AA5}.AppStore|iPhoneSimulator.ActiveCfg = Release|Any CPU
		{9BB13C84-54B1-4C5E-9B12-CEE3CA591AA5}.AppStore|iPhoneSimulator.Build.0 = Release|Any CPU
		{9BB13C84-54B1-4C5E-9B12-CEE3CA591AA5}.AppStore|x64.ActiveCfg = Release|Any CPU
		{9BB13C84-54B1-4C5E-9B12-CEE3CA591AA5}.AppStore|x64.Build.0 = Release|Any CPU
		{9BB13C84-54B1-4C5E-9B12-CEE3CA591AA5}.AppStore|x86.ActiveCfg = Release|Any CPU
		{9BB13C84-54B1-4C5E-9B12-CEE3CA591AA5}.AppStore|x86.Build.0 = Release|Any CPU
		{9BB13C84-54B1-4C5E-9B12-CEE3CA591AA5}.Debug|Any CPU.ActiveCfg = Debug|Any CPU
		{9BB13C84-54B1-4C5E-9B12-CEE3CA591AA5}.Debug|Any CPU.Build.0 = Debug|Any CPU
		{9BB13C84-54B1-4C5E-9B12-CEE3CA591AA5}.Debug|ARM.ActiveCfg = Debug|Any CPU
		{9BB13C84-54B1-4C5E-9B12-CEE3CA591AA5}.Debug|ARM.Build.0 = Debug|Any CPU
		{9BB13C84-54B1-4C5E-9B12-CEE3CA591AA5}.Debug|iPhone.ActiveCfg = Debug|Any CPU
		{9BB13C84-54B1-4C5E-9B12-CEE3CA591AA5}.Debug|iPhone.Build.0 = Debug|Any CPU
		{9BB13C84-54B1-4C5E-9B12-CEE3CA591AA5}.Debug|iPhoneSimulator.ActiveCfg = Debug|Any CPU
		{9BB13C84-54B1-4C5E-9B12-CEE3CA591AA5}.Debug|iPhoneSimulator.Build.0 = Debug|Any CPU
		{9BB13C84-54B1-4C5E-9B12-CEE3CA591AA5}.Debug|x64.ActiveCfg = Debug|Any CPU
		{9BB13C84-54B1-4C5E-9B12-CEE3CA591AA5}.Debug|x64.Build.0 = Debug|Any CPU
		{9BB13C84-54B1-4C5E-9B12-CEE3CA591AA5}.Debug|x86.ActiveCfg = Debug|Any CPU
		{9BB13C84-54B1-4C5E-9B12-CEE3CA591AA5}.Debug|x86.Build.0 = Debug|Any CPU
		{9BB13C84-54B1-4C5E-9B12-CEE3CA591AA5}.Release|Any CPU.ActiveCfg = Release|Any CPU
		{9BB13C84-54B1-4C5E-9B12-CEE3CA591AA5}.Release|Any CPU.Build.0 = Release|Any CPU
		{9BB13C84-54B1-4C5E-9B12-CEE3CA591AA5}.Release|ARM.ActiveCfg = Release|Any CPU
		{9BB13C84-54B1-4C5E-9B12-CEE3CA591AA5}.Release|ARM.Build.0 = Release|Any CPU
		{9BB13C84-54B1-4C5E-9B12-CEE3CA591AA5}.Release|iPhone.ActiveCfg = Release|Any CPU
		{9BB13C84-54B1-4C5E-9B12-CEE3CA591AA5}.Release|iPhone.Build.0 = Release|Any CPU
		{9BB13C84-54B1-4C5E-9B12-CEE3CA591AA5}.Release|iPhoneSimulator.ActiveCfg = Release|Any CPU
		{9BB13C84-54B1-4C5E-9B12-CEE3CA591AA5}.Release|iPhoneSimulator.Build.0 = Release|Any CPU
		{9BB13C84-54B1-4C5E-9B12-CEE3CA591AA5}.Release|x64.ActiveCfg = Release|Any CPU
		{9BB13C84-54B1-4C5E-9B12-CEE3CA591AA5}.Release|x64.Build.0 = Release|Any CPU
		{9BB13C84-54B1-4C5E-9B12-CEE3CA591AA5}.Release|x86.ActiveCfg = Release|Any CPU
		{9BB13C84-54B1-4C5E-9B12-CEE3CA591AA5}.Release|x86.Build.0 = Release|Any CPU
		{C1276DD4-FB4E-4B1E-B26B-70D6B8E73BB0}.Ad-Hoc|Any CPU.ActiveCfg = Release|Any CPU
		{C1276DD4-FB4E-4B1E-B26B-70D6B8E73BB0}.Ad-Hoc|Any CPU.Build.0 = Release|Any CPU
		{C1276DD4-FB4E-4B1E-B26B-70D6B8E73BB0}.Ad-Hoc|ARM.ActiveCfg = Release|Any CPU
		{C1276DD4-FB4E-4B1E-B26B-70D6B8E73BB0}.Ad-Hoc|ARM.Build.0 = Release|Any CPU
		{C1276DD4-FB4E-4B1E-B26B-70D6B8E73BB0}.Ad-Hoc|iPhone.ActiveCfg = Release|Any CPU
		{C1276DD4-FB4E-4B1E-B26B-70D6B8E73BB0}.Ad-Hoc|iPhone.Build.0 = Release|Any CPU
		{C1276DD4-FB4E-4B1E-B26B-70D6B8E73BB0}.Ad-Hoc|iPhoneSimulator.ActiveCfg = Release|Any CPU
		{C1276DD4-FB4E-4B1E-B26B-70D6B8E73BB0}.Ad-Hoc|iPhoneSimulator.Build.0 = Release|Any CPU
		{C1276DD4-FB4E-4B1E-B26B-70D6B8E73BB0}.Ad-Hoc|x64.ActiveCfg = Release|Any CPU
		{C1276DD4-FB4E-4B1E-B26B-70D6B8E73BB0}.Ad-Hoc|x64.Build.0 = Release|Any CPU
		{C1276DD4-FB4E-4B1E-B26B-70D6B8E73BB0}.Ad-Hoc|x86.ActiveCfg = Release|Any CPU
		{C1276DD4-FB4E-4B1E-B26B-70D6B8E73BB0}.Ad-Hoc|x86.Build.0 = Release|Any CPU
		{C1276DD4-FB4E-4B1E-B26B-70D6B8E73BB0}.AppStore|Any CPU.ActiveCfg = Release|Any CPU
		{C1276DD4-FB4E-4B1E-B26B-70D6B8E73BB0}.AppStore|Any CPU.Build.0 = Release|Any CPU
		{C1276DD4-FB4E-4B1E-B26B-70D6B8E73BB0}.AppStore|ARM.ActiveCfg = Release|Any CPU
		{C1276DD4-FB4E-4B1E-B26B-70D6B8E73BB0}.AppStore|ARM.Build.0 = Release|Any CPU
		{C1276DD4-FB4E-4B1E-B26B-70D6B8E73BB0}.AppStore|iPhone.ActiveCfg = Release|Any CPU
		{C1276DD4-FB4E-4B1E-B26B-70D6B8E73BB0}.AppStore|iPhone.Build.0 = Release|Any CPU
		{C1276DD4-FB4E-4B1E-B26B-70D6B8E73BB0}.AppStore|iPhoneSimulator.ActiveCfg = Release|Any CPU
		{C1276DD4-FB4E-4B1E-B26B-70D6B8E73BB0}.AppStore|iPhoneSimulator.Build.0 = Release|Any CPU
		{C1276DD4-FB4E-4B1E-B26B-70D6B8E73BB0}.AppStore|x64.ActiveCfg = Release|Any CPU
		{C1276DD4-FB4E-4B1E-B26B-70D6B8E73BB0}.AppStore|x64.Build.0 = Release|Any CPU
		{C1276DD4-FB4E-4B1E-B26B-70D6B8E73BB0}.AppStore|x86.ActiveCfg = Release|Any CPU
		{C1276DD4-FB4E-4B1E-B26B-70D6B8E73BB0}.AppStore|x86.Build.0 = Release|Any CPU
		{C1276DD4-FB4E-4B1E-B26B-70D6B8E73BB0}.Debug|Any CPU.ActiveCfg = Debug|Any CPU
		{C1276DD4-FB4E-4B1E-B26B-70D6B8E73BB0}.Debug|Any CPU.Build.0 = Debug|Any CPU
		{C1276DD4-FB4E-4B1E-B26B-70D6B8E73BB0}.Debug|ARM.ActiveCfg = Debug|Any CPU
		{C1276DD4-FB4E-4B1E-B26B-70D6B8E73BB0}.Debug|ARM.Build.0 = Debug|Any CPU
		{C1276DD4-FB4E-4B1E-B26B-70D6B8E73BB0}.Debug|iPhone.ActiveCfg = Debug|Any CPU
		{C1276DD4-FB4E-4B1E-B26B-70D6B8E73BB0}.Debug|iPhone.Build.0 = Debug|Any CPU
		{C1276DD4-FB4E-4B1E-B26B-70D6B8E73BB0}.Debug|iPhoneSimulator.ActiveCfg = Debug|Any CPU
		{C1276DD4-FB4E-4B1E-B26B-70D6B8E73BB0}.Debug|iPhoneSimulator.Build.0 = Debug|Any CPU
		{C1276DD4-FB4E-4B1E-B26B-70D6B8E73BB0}.Debug|x64.ActiveCfg = Debug|Any CPU
		{C1276DD4-FB4E-4B1E-B26B-70D6B8E73BB0}.Debug|x64.Build.0 = Debug|Any CPU
		{C1276DD4-FB4E-4B1E-B26B-70D6B8E73BB0}.Debug|x86.ActiveCfg = Debug|Any CPU
		{C1276DD4-FB4E-4B1E-B26B-70D6B8E73BB0}.Debug|x86.Build.0 = Debug|Any CPU
		{C1276DD4-FB4E-4B1E-B26B-70D6B8E73BB0}.Release|Any CPU.ActiveCfg = Release|Any CPU
		{C1276DD4-FB4E-4B1E-B26B-70D6B8E73BB0}.Release|Any CPU.Build.0 = Release|Any CPU
		{C1276DD4-FB4E-4B1E-B26B-70D6B8E73BB0}.Release|ARM.ActiveCfg = Release|Any CPU
		{C1276DD4-FB4E-4B1E-B26B-70D6B8E73BB0}.Release|ARM.Build.0 = Release|Any CPU
		{C1276DD4-FB4E-4B1E-B26B-70D6B8E73BB0}.Release|iPhone.ActiveCfg = Release|Any CPU
		{C1276DD4-FB4E-4B1E-B26B-70D6B8E73BB0}.Release|iPhone.Build.0 = Release|Any CPU
		{C1276DD4-FB4E-4B1E-B26B-70D6B8E73BB0}.Release|iPhoneSimulator.ActiveCfg = Release|Any CPU
		{C1276DD4-FB4E-4B1E-B26B-70D6B8E73BB0}.Release|iPhoneSimulator.Build.0 = Release|Any CPU
		{C1276DD4-FB4E-4B1E-B26B-70D6B8E73BB0}.Release|x64.ActiveCfg = Release|Any CPU
		{C1276DD4-FB4E-4B1E-B26B-70D6B8E73BB0}.Release|x64.Build.0 = Release|Any CPU
		{C1276DD4-FB4E-4B1E-B26B-70D6B8E73BB0}.Release|x86.ActiveCfg = Release|Any CPU
		{C1276DD4-FB4E-4B1E-B26B-70D6B8E73BB0}.Release|x86.Build.0 = Release|Any CPU
	EndGlobalSection
	GlobalSection(SolutionProperties) = preSolution
		HideSolutionNode = FALSE
	EndGlobalSection
	GlobalSection(ExtensibilityGlobals) = postSolution
		SolutionGuid = {C9C7ADF2-DFBB-4D9F-A7EA-2D572DEAAF9F}
	EndGlobalSection
EndGlobal
